
Microsoft Visual Studio Solution File, Format Version 12.00
# Visual Studio Version 16
VisualStudioVersion = 16.0.30114.105
MinimumVisualStudioVersion = 10.0.40219.1
Project("{9A19103F-16F7-4668-BE54-9A1E7A4F7556}") = "PasswordSafe", "PasswordSafe\PasswordSafe.csproj", "{FE352B06-7DBF-42F5-B954-F4E975698EBF}"
EndProject
Project("{FAE04EC0-301F-11D3-BF4B-00C04F79EFBC}") = "BeyondTrustAPITester", "BeyondTrustAPITester\BeyondTrustAPITester.csproj", "{5EC6A830-051D-40B8-B493-CDF0D54F7187}"
EndProject
Global
	GlobalSection(SolutionConfigurationPlatforms) = preSolution
		Debug|Any CPU = Debug|Any CPU
		Debug|x64 = Debug|x64
		Debug|x86 = Debug|x86
		Release|Any CPU = Release|Any CPU
		Release|x64 = Release|x64
		Release|x86 = Release|x86
	EndGlobalSection
	GlobalSection(ProjectConfigurationPlatforms) = postSolution
		{FE352B06-7DBF-42F5-B954-F4E975698EBF}.Debug|Any CPU.ActiveCfg = Debug|Any CPU
		{FE352B06-7DBF-42F5-B954-F4E975698EBF}.Debug|Any CPU.Build.0 = Debug|Any CPU
		{FE352B06-7DBF-42F5-B954-F4E975698EBF}.Debug|x64.ActiveCfg = Debug|Any CPU
		{FE352B06-7DBF-42F5-B954-F4E975698EBF}.Debug|x64.Build.0 = Debug|Any CPU
		{FE352B06-7DBF-42F5-B954-F4E975698EBF}.Debug|x86.ActiveCfg = Debug|Any CPU
		{FE352B06-7DBF-42F5-B954-F4E975698EBF}.Debug|x86.Build.0 = Debug|Any CPU
		{FE352B06-7DBF-42F5-B954-F4E975698EBF}.Release|Any CPU.ActiveCfg = Release|Any CPU
		{FE352B06-7DBF-42F5-B954-F4E975698EBF}.Release|Any CPU.Build.0 = Release|Any CPU
		{FE352B06-7DBF-42F5-B954-F4E975698EBF}.Release|x64.ActiveCfg = Release|Any CPU
		{FE352B06-7DBF-42F5-B954-F4E975698EBF}.Release|x64.Build.0 = Release|Any CPU
		{FE352B06-7DBF-42F5-B954-F4E975698EBF}.Release|x86.ActiveCfg = Release|Any CPU
		{FE352B06-7DBF-42F5-B954-F4E975698EBF}.Release|x86.Build.0 = Release|Any CPU
		{5EC6A830-051D-40B8-B493-CDF0D54F7187}.Debug|Any CPU.ActiveCfg = Debug|Any CPU
		{5EC6A830-051D-40B8-B493-CDF0D54F7187}.Debug|Any CPU.Build.0 = Debug|Any CPU
		{5EC6A830-051D-40B8-B493-CDF0D54F7187}.Debug|x64.ActiveCfg = Debug|Any CPU
		{5EC6A830-051D-40B8-B493-CDF0D54F7187}.Debug|x64.Build.0 = Debug|Any CPU
		{5EC6A830-051D-40B8-B493-CDF0D54F7187}.Debug|x86.ActiveCfg = Debug|Any CPU
		{5EC6A830-051D-40B8-B493-CDF0D54F7187}.Debug|x86.Build.0 = Debug|Any CPU
		{5EC6A830-051D-40B8-B493-CDF0D54F7187}.Release|Any CPU.ActiveCfg = Release|Any CPU
		{5EC6A830-051D-40B8-B493-CDF0D54F7187}.Release|Any CPU.Build.0 = Release|Any CPU
		{5EC6A830-051D-40B8-B493-CDF0D54F7187}.Release|x64.ActiveCfg = Release|Any CPU
		{5EC6A830-051D-40B8-B493-CDF0D54F7187}.Release|x64.Build.0 = Release|Any CPU
		{5EC6A830-051D-40B8-B493-CDF0D54F7187}.Release|x86.ActiveCfg = Release|Any CPU
		{5EC6A830-051D-40B8-B493-CDF0D54F7187}.Release|x86.Build.0 = Release|Any CPU
	EndGlobalSection
	GlobalSection(SolutionProperties) = preSolution
		HideSolutionNode = FALSE
	EndGlobalSection
	GlobalSection(ExtensibilityGlobals) = postSolution
		SolutionGuid = {4AB89177-831E-4486-A3A3-420FD567DCB2}
	EndGlobalSection
EndGlobal
